
Microsoft Visual Studio Solution File, Format Version 12.00
# Visual Studio Version 17
VisualStudioVersion = 17.10.34916.146
MinimumVisualStudioVersion = 10.0.40219.1
Project("{FAE04EC0-301F-11D3-BF4B-00C04F79EFBC}") = "ConceitosBasicosSemInterface", "ConceitosBasicosSemInterface.csproj", "{9C71F07A-BC6D-41E7-B44B-084441C0E8F1}"
EndProject
Global
	GlobalSection(SolutionConfigurationPlatforms) = preSolution
		Debug|Any CPU = Debug|Any CPU
		Release|Any CPU = Release|Any CPU
	EndGlobalSection
	GlobalSection(ProjectConfigurationPlatforms) = postSolution
		{9C71F07A-BC6D-41E7-B44B-084441C0E8F1}.Debug|Any CPU.ActiveCfg = Debug|Any CPU
		{9C71F07A-BC6D-41E7-B44B-084441C0E8F1}.Debug|Any CPU.Build.0 = Debug|Any CPU
		{9C71F07A-BC6D-41E7-B44B-084441C0E8F1}.Release|Any CPU.ActiveCfg = Release|Any CPU
		{9C71F07A-BC6D-41E7-B44B-084441C0E8F1}.Release|Any CPU.Build.0 = Release|Any CPU
	EndGlobalSection
	GlobalSection(SolutionProperties) = preSolution
		HideSolutionNode = FALSE
	EndGlobalSection
	GlobalSection(ExtensibilityGlobals) = postSolution
		SolutionGuid = {8A722EDC-8016-44C2-B97E-51DC37A0A6EF}
	EndGlobalSection
EndGlobal
